// !$*UTF8*$!
{
	archiveVersion = 1;
	classes = {
	};
	objectVersion = 46;
	objects = {

/* Begin PBXBuildFile section */
		162E22811381CF1300DADFC0 /* UIKit.framework in Frameworks */ = {isa = PBXBuildFile; fileRef = 162E22801381CF1300DADFC0 /* UIKit.framework */; };
		162E22831381CF1300DADFC0 /* Foundation.framework in Frameworks */ = {isa = PBXBuildFile; fileRef = 162E22821381CF1300DADFC0 /* Foundation.framework */; };
		162E22851381CF1300DADFC0 /* CoreGraphics.framework in Frameworks */ = {isa = PBXBuildFile; fileRef = 162E22841381CF1300DADFC0 /* CoreGraphics.framework */; };
		162E228B1381CF1300DADFC0 /* InfoPlist.strings in Resources */ = {isa = PBXBuildFile; fileRef = 162E22891381CF1300DADFC0 /* InfoPlist.strings */; };
		162E228E1381CF1300DADFC0 /* main.m in Sources */ = {isa = PBXBuildFile; fileRef = 162E228D1381CF1300DADFC0 /* main.m */; };
		162E22911381CF1300DADFC0 /* RLAgreementAppDelegate.m in Sources */ = {isa = PBXBuildFile; fileRef = 162E22901381CF1300DADFC0 /* RLAgreementAppDelegate.m */; };
		162E22941381CF1300DADFC0 /* MainWindow.xib in Resources */ = {isa = PBXBuildFile; fileRef = 162E22921381CF1300DADFC0 /* MainWindow.xib */; };
		162E22971381CF1300DADFC0 /* RLAgreementViewController.m in Sources */ = {isa = PBXBuildFile; fileRef = 162E22961381CF1300DADFC0 /* RLAgreementViewController.m */; };
		162E229A1381CF1300DADFC0 /* RLAgreementViewController.xib in Resources */ = {isa = PBXBuildFile; fileRef = 162E22981381CF1300DADFC0 /* RLAgreementViewController.xib */; };
		162E22A31381D67200DADFC0 /* RootViewController.m in Sources */ = {isa = PBXBuildFile; fileRef = 162E22A11381D67200DADFC0 /* RootViewController.m */; };
		162E22A41381D67200DADFC0 /* RootViewController.xib in Resources */ = {isa = PBXBuildFile; fileRef = 162E22A21381D67200DADFC0 /* RootViewController.xib */; };
		162E22AC1381DF9D00DADFC0 /* File1.html in Resources */ = {isa = PBXBuildFile; fileRef = 162E22AB1381DF9D00DADFC0 /* File1.html */; };
/* End PBXBuildFile section */

/* Begin PBXFileReference section */
		162E227C1381CF1300DADFC0 /* RLAgreement.app */ = {isa = PBXFileReference; explicitFileType = wrapper.application; includeInIndex = 0; path = RLAgreement.app; sourceTree = BUILT_PRODUCTS_DIR; };
		162E22801381CF1300DADFC0 /* UIKit.framework */ = {isa = PBXFileReference; lastKnownFileType = wrapper.framework; name = UIKit.framework; path = System/Library/Frameworks/UIKit.framework; sourceTree = SDKROOT; };
		162E22821381CF1300DADFC0 /* Foundation.framework */ = {isa = PBXFileReference; lastKnownFileType = wrapper.framework; name = Foundation.framework; path = System/Library/Frameworks/Foundation.framework; sourceTree = SDKROOT; };
		162E22841381CF1300DADFC0 /* CoreGraphics.framework */ = {isa = PBXFileReference; lastKnownFileType = wrapper.framework; name = CoreGraphics.framework; path = System/Library/Frameworks/CoreGraphics.framework; sourceTree = SDKROOT; };
		162E22881381CF1300DADFC0 /* RLAgreement-Info.plist */ = {isa = PBXFileReference; lastKnownFileType = text.plist.xml; path = "RLAgreement-Info.plist"; sourceTree = "<group>"; };
		162E228A1381CF1300DADFC0 /* en */ = {isa = PBXFileReference; lastKnownFileType = text.plist.strings; name = en; path = en.lproj/InfoPlist.strings; sourceTree = "<group>"; };
		162E228C1381CF1300DADFC0 /* RLAgreement-Prefix.pch */ = {isa = PBXFileReference; lastKnownFileType = sourcecode.c.h; path = "RLAgreement-Prefix.pch"; sourceTree = "<group>"; };
		162E228D1381CF1300DADFC0 /* main.m */ = {isa = PBXFileReference; lastKnownFileType = sourcecode.c.objc; path = main.m; sourceTree = "<group>"; };
		162E228F1381CF1300DADFC0 /* RLAgreementAppDelegate.h */ = {isa = PBXFileReference; lastKnownFileType = sourcecode.c.h; path = RLAgreementAppDelegate.h; sourceTree = "<group>"; };
		162E22901381CF1300DADFC0 /* RLAgreementAppDelegate.m */ = {isa = PBXFileReference; lastKnownFileType = sourcecode.c.objc; path = RLAgreementAppDelegate.m; sourceTree = "<group>"; };
		162E22931381CF1300DADFC0 /* en */ = {isa = PBXFileReference; lastKnownFileType = file.xib; name = en; path = en.lproj/MainWindow.xib; sourceTree = "<group>"; };
		162E22951381CF1300DADFC0 /* RLAgreementViewController.h */ = {isa = PBXFileReference; lastKnownFileType = sourcecode.c.h; path = RLAgreementViewController.h; sourceTree = "<group>"; };
		162E22961381CF1300DADFC0 /* RLAgreementViewController.m */ = {isa = PBXFileReference; lastKnownFileType = sourcecode.c.objc; path = RLAgreementViewController.m; sourceTree = "<group>"; };
		162E22991381CF1300DADFC0 /* en */ = {isa = PBXFileReference; lastKnownFileType = file.xib; name = en; path = en.lproj/RLAgreementViewController.xib; sourceTree = "<group>"; };
		162E22A01381D67200DADFC0 /* RootViewController.h */ = {isa = PBXFileReference; fileEncoding = 4; lastKnownFileType = sourcecode.c.h; path = RootViewController.h; sourceTree = "<group>"; };
		162E22A11381D67200DADFC0 /* RootViewController.m */ = {isa = PBXFileReference; fileEncoding = 4; lastKnownFileType = sourcecode.c.objc; path = RootViewController.m; sourceTree = "<group>"; };
		162E22A21381D67200DADFC0 /* RootViewController.xib */ = {isa = PBXFileReference; fileEncoding = 4; lastKnownFileType = file.xib; path = RootViewController.xib; sourceTree = "<group>"; };
		162E22AB1381DF9D00DADFC0 /* File1.html */ = {isa = PBXFileReference; fileEncoding = 4; lastKnownFileType = text.html; path = File1.html; sourceTree = "<group>"; };
/* End PBXFileReference section */

/* Begin PBXFrameworksBuildPhase section */
		162E22791381CF1300DADFC0 /* Frameworks */ = {
			isa = PBXFrameworksBuildPhase;
			buildActionMask = 2147483647;
			files = (
				162E22811381CF1300DADFC0 /* UIKit.framework in Frameworks */,
				162E22831381CF1300DADFC0 /* Foundation.framework in Frameworks */,
				162E22851381CF1300DADFC0 /* CoreGraphics.framework in Frameworks */,
			);
			runOnlyForDeploymentPostprocessing = 0;
		};
/* End PBXFrameworksBuildPhase section */

/* Begin PBXGroup section */
		162E22711381CF1200DADFC0 = {
			isa = PBXGroup;
			children = (
				162E22861381CF1300DADFC0 /* RLAgreement */,
				162E227F1381CF1300DADFC0 /* Frameworks */,
				162E227D1381CF1300DADFC0 /* Products */,
			);
			sourceTree = "<group>";
		};
		162E227D1381CF1300DADFC0 /* Products */ = {
			isa = PBXGroup;
			children = (
				162E227C1381CF1300DADFC0 /* RLAgreement.app */,
			);
			name = Products;
			sourceTree = "<group>";
		};
		162E227F1381CF1300DADFC0 /* Frameworks */ = {
			isa = PBXGroup;
			children = (
				162E22801381CF1300DADFC0 /* UIKit.framework */,
				162E22821381CF1300DADFC0 /* Foundation.framework */,
				162E22841381CF1300DADFC0 /* CoreGraphics.framework */,
			);
			name = Frameworks;
			sourceTree = "<group>";
		};
		162E22861381CF1300DADFC0 /* RLAgreement */ = {
			isa = PBXGroup;
			children = (
				162E228F1381CF1300DADFC0 /* RLAgreementAppDelegate.h */,
				162E22901381CF1300DADFC0 /* RLAgreementAppDelegate.m */,
				162E22A01381D67200DADFC0 /* RootViewController.h */,
				162E22A11381D67200DADFC0 /* RootViewController.m */,
				162E22A21381D67200DADFC0 /* RootViewController.xib */,
				162E22921381CF1300DADFC0 /* MainWindow.xib */,
				162E22951381CF1300DADFC0 /* RLAgreementViewController.h */,
				162E22961381CF1300DADFC0 /* RLAgreementViewController.m */,
				162E22981381CF1300DADFC0 /* RLAgreementViewController.xib */,
				162E22871381CF1300DADFC0 /* Supporting Files */,
			);
			path = RLAgreement;
			sourceTree = "<group>";
		};
		162E22871381CF1300DADFC0 /* Supporting Files */ = {
			isa = PBXGroup;
			children = (
				162E22881381CF1300DADFC0 /* RLAgreement-Info.plist */,
				162E22891381CF1300DADFC0 /* InfoPlist.strings */,
				162E228C1381CF1300DADFC0 /* RLAgreement-Prefix.pch */,
				162E228D1381CF1300DADFC0 /* main.m */,
				162E22AB1381DF9D00DADFC0 /* File1.html */,
			);
			name = "Supporting Files";
			sourceTree = "<group>";
		};
/* End PBXGroup section */

/* Begin PBXNativeTarget section */
		162E227B1381CF1300DADFC0 /* RLAgreement */ = {
			isa = PBXNativeTarget;
			buildConfigurationList = 162E229D1381CF1300DADFC0 /* Build configuration list for PBXNativeTarget "RLAgreement" */;
			buildPhases = (
				162E22781381CF1300DADFC0 /* Sources */,
				162E22791381CF1300DADFC0 /* Frameworks */,
				162E227A1381CF1300DADFC0 /* Resources */,
			);
			buildRules = (
			);
			dependencies = (
			);
			name = RLAgreement;
			productName = RLAgreement;
			productReference = 162E227C1381CF1300DADFC0 /* RLAgreement.app */;
			productType = "com.apple.product-type.application";
		};
/* End PBXNativeTarget section */

/* Begin PBXProject section */
		162E22731381CF1200DADFC0 /* Project object */ = {
			isa = PBXProject;
			buildConfigurationList = 162E22761381CF1200DADFC0 /* Build configuration list for PBXProject "RLAgreement" */;
			compatibilityVersion = "Xcode 3.2";
			developmentRegion = English;
			hasScannedForEncodings = 0;
			knownRegions = (
				en,
			);
			mainGroup = 162E22711381CF1200DADFC0;
			productRefGroup = 162E227D1381CF1300DADFC0 /* Products */;
			projectDirPath = "";
			projectRoot = "";
			targets = (
				162E227B1381CF1300DADFC0 /* RLAgreement */,
			);
		};
/* End PBXProject section */

/* Begin PBXResourcesBuildPhase section */
		162E227A1381CF1300DADFC0 /* Resources */ = {
			isa = PBXResourcesBuildPhase;
			buildActionMask = 2147483647;
			files = (
				162E228B1381CF1300DADFC0 /* InfoPlist.strings in Resources */,
				162E22941381CF1300DADFC0 /* MainWindow.xib in Resources */,
				162E229A1381CF1300DADFC0 /* RLAgreementViewController.xib in Resources */,
				162E22A41381D67200DADFC0 /* RootViewController.xib in Resources */,
				162E22AC1381DF9D00DADFC0 /* File1.html in Resources */,
			);
			runOnlyForDeploymentPostprocessing = 0;
		};
/* End PBXResourcesBuildPhase section */

/* Begin PBXSourcesBuildPhase section */
		162E22781381CF1300DADFC0 /* Sources */ = {
			isa = PBXSourcesBuildPhase;
			buildActionMask = 2147483647;
			files = (
				162E228E1381CF1300DADFC0 /* main.m in Sources */,
				162E22911381CF1300DADFC0 /* RLAgreementAppDelegate.m in Sources */,
				162E22971381CF1300DADFC0 /* RLAgreementViewController.m in Sources */,
				162E22A31381D67200DADFC0 /* RootViewController.m in Sources */,
			);
			runOnlyForDeploymentPostprocessing = 0;
		};
/* End PBXSourcesBuildPhase section */

/* Begin PBXVariantGroup section */
		162E22891381CF1300DADFC0 /* InfoPlist.strings */ = {
			isa = PBXVariantGroup;
			children = (
				162E228A1381CF1300DADFC0 /* en */,
			);
			name = InfoPlist.strings;
			sourceTree = "<group>";
		};
		162E22921381CF1300DADFC0 /* MainWindow.xib */ = {
			isa = PBXVariantGroup;
			children = (
				162E22931381CF1300DADFC0 /* en */,
			);
			name = MainWindow.xib;
			sourceTree = "<group>";
		};
		162E22981381CF1300DADFC0 /* RLAgreementViewController.xib */ = {
			isa = PBXVariantGroup;
			children = (
				162E22991381CF1300DADFC0 /* en */,
			);
			name = RLAgreementViewController.xib;
			sourceTree = "<group>";
		};
/* End PBXVariantGroup section */

/* Begin XCBuildConfiguration section */
		162E229B1381CF1300DADFC0 /* Debug */ = {
			isa = XCBuildConfiguration;
			buildSettings = {
				ARCHS = "$(ARCHS_STANDARD_32_BIT)";
				"CODE_SIGN_IDENTITY[sdk=iphoneos*]" = "iPhone Developer";
				GCC_C_LANGUAGE_STANDARD = gnu99;
				GCC_OPTIMIZATION_LEVEL = 0;
				GCC_PREPROCESSOR_DEFINITIONS = DEBUG;
				GCC_SYMBOLS_PRIVATE_EXTERN = NO;
				GCC_VERSION = com.apple.compilers.llvmgcc42;
				GCC_WARN_ABOUT_RETURN_TYPE = YES;
				GCC_WARN_UNUSED_VARIABLE = YES;
				IPHONEOS_DEPLOYMENT_TARGET = 4.3;
				SDKROOT = iphoneos;
			};
			name = Debug;
		};
		162E229C1381CF1300DADFC0 /* Release */ = {
			isa = XCBuildConfiguration;
			buildSettings = {
				ARCHS = "$(ARCHS_STANDARD_32_BIT)";
				"CODE_SIGN_IDENTITY[sdk=iphoneos*]" = "iPhone Developer";
				GCC_C_LANGUAGE_STANDARD = gnu99;
				GCC_VERSION = com.apple.compilers.llvmgcc42;
				GCC_WARN_ABOUT_RETURN_TYPE = YES;
				GCC_WARN_UNUSED_VARIABLE = YES;
				IPHONEOS_DEPLOYMENT_TARGET = 4.3;
				OTHER_CFLAGS = "-DNS_BLOCK_ASSERTIONS=1";
				SDKROOT = iphoneos;
			};
			name = Release;
		};
		162E229E1381CF1300DADFC0 /* Debug */ = {
			isa = XCBuildConfiguration;
			buildSettings = {
				ALWAYS_SEARCH_USER_PATHS = NO;
				COPY_PHASE_STRIP = NO;
				GCC_DYNAMIC_NO_PIC = NO;
				GCC_PRECOMPILE_PREFIX_HEADER = YES;
				GCC_PREFIX_HEADER = "RLAgreement/RLAgreement-Prefix.pch";
				INFOPLIST_FILE = "RLAgreement/RLAgreement-Info.plist";
				PRODUCT_NAME = "$(TARGET_NAME)";
				WRAPPER_EXTENSION = app;
			};
			name = Debug;
		};
		162E229F1381CF1300DADFC0 /* Release */ = {
			isa = XCBuildConfiguration;
			buildSettings = {
				ALWAYS_SEARCH_USER_PATHS = NO;
				COPY_PHASE_STRIP = YES;
				GCC_PRECOMPILE_PREFIX_HEADER = YES;
				GCC_PREFIX_HEADER = "RLAgreement/RLAgreement-Prefix.pch";
				INFOPLIST_FILE = "RLAgreement/RLAgreement-Info.plist";
				PRODUCT_NAME = "$(TARGET_NAME)";
				VALIDATE_PRODUCT = YES;
				WRAPPER_EXTENSION = app;
			};
			name = Release;
		};
/* End XCBuildConfiguration section */

/* Begin XCConfigurationList section */
		162E22761381CF1200DADFC0 /* Build configuration list for PBXProject "RLAgreement" */ = {
			isa = XCConfigurationList;
			buildConfigurations = (
				162E229B1381CF1300DADFC0 /* Debug */,
				162E229C1381CF1300DADFC0 /* Release */,
			);
			defaultConfigurationIsVisible = 0;
			defaultConfigurationName = Release;
		};
		162E229D1381CF1300DADFC0 /* Build configuration list for PBXNativeTarget "RLAgreement" */ = {
			isa = XCConfigurationList;
			buildConfigurations = (
				162E229E1381CF1300DADFC0 /* Debug */,
				162E229F1381CF1300DADFC0 /* Release */,
			);
			defaultConfigurationIsVisible = 0;
		};
/* End XCConfigurationList section */
	};
	rootObject = 162E22731381CF1200DADFC0 /* Project object */;
}
